
Microsoft Visual Studio Solution File, Format Version 12.00
# Visual Studio Version 17
VisualStudioVersion = 17.3.32929.385
MinimumVisualStudioVersion = 10.0.40219.1
Project("{FAE04EC0-301F-11D3-BF4B-00C04F79EFBC}") = "Web", "Web\Web.csproj", "{458965FD-116D-4FEC-9DBF-00DBE63BAB5E}"
EndProject
Project("{FAE04EC0-301F-11D3-BF4B-00C04F79EFBC}") = "restApi", "restApi\restApi.csproj", "{835AAF20-7729-44CB-AE65-937D4EAC72E5}"
EndProject
Global
	GlobalSection(SolutionConfigurationPlatforms) = preSolution
		Debug|Any CPU = Debug|Any CPU
		Release|Any CPU = Release|Any CPU
	EndGlobalSection
	GlobalSection(ProjectConfigurationPlatforms) = postSolution
		{458965FD-116D-4FEC-9DBF-00DBE63BAB5E}.Debug|Any CPU.ActiveCfg = Debug|Any CPU
		{458965FD-116D-4FEC-9DBF-00DBE63BAB5E}.Debug|Any CPU.Build.0 = Debug|Any CPU
		{458965FD-116D-4FEC-9DBF-00DBE63BAB5E}.Release|Any CPU.ActiveCfg = Release|Any CPU
		{458965FD-116D-4FEC-9DBF-00DBE63BAB5E}.Release|Any CPU.Build.0 = Release|Any CPU
		{835AAF20-7729-44CB-AE65-937D4EAC72E5}.Debug|Any CPU.ActiveCfg = Debug|Any CPU
		{835AAF20-7729-44CB-AE65-937D4EAC72E5}.Debug|Any CPU.Build.0 = Debug|Any CPU
		{835AAF20-7729-44CB-AE65-937D4EAC72E5}.Release|Any CPU.ActiveCfg = Release|Any CPU
		{835AAF20-7729-44CB-AE65-937D4EAC72E5}.Release|Any CPU.Build.0 = Release|Any CPU
	EndGlobalSection
	GlobalSection(SolutionProperties) = preSolution
		HideSolutionNode = FALSE
	EndGlobalSection
	GlobalSection(ExtensibilityGlobals) = postSolution
		SolutionGuid = {FF47C34A-4EB0-41DA-8D32-F9213DA2A874}
	EndGlobalSection
EndGlobal
